
Microsoft Visual Studio Solution File, Format Version 12.00
# Visual Studio Version 16
VisualStudioVersion = 16.0.28803.452
MinimumVisualStudioVersion = 10.0.40219.1
Project("{FAE04EC0-301F-11D3-BF4B-00C04F79EFBC}") = "NoteTaker", "NoteTaker.csproj", "{EAC867B0-8587-4E53-9814-7B3520C4B33A}"
EndProject
Global
	GlobalSection(SolutionConfigurationPlatforms) = preSolution
		Debug|Any CPU = Debug|Any CPU
		Release|Any CPU = Release|Any CPU
	EndGlobalSection
	GlobalSection(ProjectConfigurationPlatforms) = postSolution
		{EAC867B0-8587-4E53-9814-7B3520C4B33A}.Debug|Any CPU.ActiveCfg = Debug|Any CPU
		{EAC867B0-8587-4E53-9814-7B3520C4B33A}.Debug|Any CPU.Build.0 = Debug|Any CPU
		{EAC867B0-8587-4E53-9814-7B3520C4B33A}.Release|Any CPU.ActiveCfg = Release|Any CPU
		{EAC867B0-8587-4E53-9814-7B3520C4B33A}.Release|Any CPU.Build.0 = Release|Any CPU
	EndGlobalSection
	GlobalSection(SolutionProperties) = preSolution
		HideSolutionNode = FALSE
	EndGlobalSection
	GlobalSection(ExtensibilityGlobals) = postSolution
		SolutionGuid = {DC79B4E1-ADD3-4D80-B943-48AE295A0583}
	EndGlobalSection
EndGlobal
